{
  "originHash" : "9543f0f70b816e96502cc5337ff7156d7bd78574c0e5d1f05660e998019beddf",
  "pins" : [
    {
      "identity" : "sankey",
      "kind" : "remoteSourceControl",
      "location" : "https://github.com/maxhumber/Sankey.git",
      "state" : {
        "revision" : "c73266fe6ce621f96d838c424068a81e4c2cbb27",
        "version" : "1.0.0"
      }
    }
  ],
  "version" : 3
}
