{
  "originHash" : "c3e1e1bc08b3ec55a2e70c2b9d5cb1812175951010e5e75e4914bd6ce947b4f0",
  "pins" : [
    {
      "identity" : "sankey",
      "kind" : "remoteSourceControl",
      "location" : "https://github.com/maxhumber/Sankey.git",
      "state" : {
        "revision" : "c73266fe6ce621f96d838c424068a81e4c2cbb27",
        "version" : "1.0.0"
      }
    },
    {
      "identity" : "swiftui-interface-orientation",
      "kind" : "remoteSourceControl",
      "location" : "https://github.com/wvteijlingen/swiftui-interface-orientation.git",
      "state" : {
        "branch" : "main",
        "revision" : "735bb1cbdad07e275ce7c53c16c3c56d448da947"
      }
    }
  ],
  "version" : 3
}
