{
  "originHash" : "1570653bd0a6a1b66082ee693198fd1098623b0ac8333ea3a89a0df6c92150ba",
  "pins" : [
    {
      "identity" : "swiftrater",
      "kind" : "remoteSourceControl",
      "location" : "https://github.com/takecian/SwiftRater.git",
      "state" : {
        "revision" : "9a7855378c4586d1e550b956bb13456bdccc3a49",
        "version" : "2.2.2"
      }
    },
    {
      "identity" : "text-to-emoji",
      "kind" : "remoteSourceControl",
      "location" : "https://github.com/WouterWisse/text-to-emoji.git",
      "state" : {
        "revision" : "c9f2e9213351e2d5402ba80b02332fc4bdfc055c",
        "version" : "0.1.0"
      }
    }
  ],
  "version" : 3
}
